
Microsoft Visual Studio Solution File, Format Version 12.00
# Visual Studio 2015
Project("{FAE04EC0-301F-11D3-BF4B-00C04F79EFBC}") = "DK2VR_2.CSharp", "DK2VR_2.CSharp.csproj", "{6B9D025C-33F5-F008-4E33-9A774458A00C}"
EndProject
Project("{FAE04EC0-301F-11D3-BF4B-00C04F79EFBC}") = "DK2VR_2.CSharp.Editor", "DK2VR_2.CSharp.Editor.csproj", "{125A0016-6393-8237-2304-75BC3B2DCB3D}"
EndProject
Global
	GlobalSection(SolutionConfigurationPlatforms) = preSolution
		Debug|Any CPU = Debug|Any CPU
		Release|Any CPU = Release|Any CPU
	EndGlobalSection
	GlobalSection(ProjectConfigurationPlatforms) = postSolution
		{6B9D025C-33F5-F008-4E33-9A774458A00C}.Debug|Any CPU.ActiveCfg = Debug|Any CPU
		{6B9D025C-33F5-F008-4E33-9A774458A00C}.Debug|Any CPU.Build.0 = Debug|Any CPU
		{6B9D025C-33F5-F008-4E33-9A774458A00C}.Release|Any CPU.ActiveCfg = Release|Any CPU
		{6B9D025C-33F5-F008-4E33-9A774458A00C}.Release|Any CPU.Build.0 = Release|Any CPU
		{125A0016-6393-8237-2304-75BC3B2DCB3D}.Debug|Any CPU.ActiveCfg = Debug|Any CPU
		{125A0016-6393-8237-2304-75BC3B2DCB3D}.Debug|Any CPU.Build.0 = Debug|Any CPU
		{125A0016-6393-8237-2304-75BC3B2DCB3D}.Release|Any CPU.ActiveCfg = Release|Any CPU
		{125A0016-6393-8237-2304-75BC3B2DCB3D}.Release|Any CPU.Build.0 = Release|Any CPU
	EndGlobalSection
	GlobalSection(SolutionProperties) = preSolution
		HideSolutionNode = FALSE
	EndGlobalSection
EndGlobal
